
Microsoft Visual Studio Solution File, Format Version 12.00
# Visual Studio Version 17
VisualStudioVersion = 17.0.31903.59
MinimumVisualStudioVersion = 10.0.40219.1
Project("{2150E333-8FDC-42A3-9474-1A3956D46DE8}") = "src", "src", "{FF385DE0-5E9F-4BA8-8302-FD8056C7E982}"
EndProject
Project("{FAE04EC0-301F-11D3-BF4B-00C04F79EFBC}") = "APIGateway", "src\APIGateway\APIGateway.csproj", "{517D589C-7476-440A-95AE-1B039384579C}"
EndProject
Project("{2150E333-8FDC-42A3-9474-1A3956D46DE8}") = "Services", "Services", "{AB0CB6C0-A6D2-46A1-BB58-8C6D20AA48D7}"
EndProject
Project("{2150E333-8FDC-42A3-9474-1A3956D46DE8}") = "Project.API", "Project.API", "{F5965D0C-111D-4CED-B9AD-FBD9CA38E959}"
EndProject
Project("{FAE04EC0-301F-11D3-BF4B-00C04F79EFBC}") = "Project.API", "src\Services\Project.API\Project.API\Project.API.csproj", "{81EF37F0-D567-4FFE-ACD1-302D39459451}"
EndProject
Project("{2150E333-8FDC-42A3-9474-1A3956D46DE8}") = "User.API", "User.API", "{C1D56669-DE3C-48A1-A2CE-B9FBBDC9EB82}"
EndProject
Project("{FAE04EC0-301F-11D3-BF4B-00C04F79EFBC}") = "User.API", "src\Services\User.API\User.API\User.API.csproj", "{8ECC7AC4-8602-4C18-8001-4E091D5D3A31}"
EndProject
Global
	GlobalSection(SolutionConfigurationPlatforms) = preSolution
		Debug|Any CPU = Debug|Any CPU
		Release|Any CPU = Release|Any CPU
	EndGlobalSection
	GlobalSection(SolutionProperties) = preSolution
		HideSolutionNode = FALSE
	EndGlobalSection
	GlobalSection(ProjectConfigurationPlatforms) = postSolution
		{517D589C-7476-440A-95AE-1B039384579C}.Debug|Any CPU.ActiveCfg = Debug|Any CPU
		{517D589C-7476-440A-95AE-1B039384579C}.Debug|Any CPU.Build.0 = Debug|Any CPU
		{517D589C-7476-440A-95AE-1B039384579C}.Release|Any CPU.ActiveCfg = Release|Any CPU
		{517D589C-7476-440A-95AE-1B039384579C}.Release|Any CPU.Build.0 = Release|Any CPU
		{81EF37F0-D567-4FFE-ACD1-302D39459451}.Debug|Any CPU.ActiveCfg = Debug|Any CPU
		{81EF37F0-D567-4FFE-ACD1-302D39459451}.Debug|Any CPU.Build.0 = Debug|Any CPU
		{81EF37F0-D567-4FFE-ACD1-302D39459451}.Release|Any CPU.ActiveCfg = Release|Any CPU
		{81EF37F0-D567-4FFE-ACD1-302D39459451}.Release|Any CPU.Build.0 = Release|Any CPU
		{8ECC7AC4-8602-4C18-8001-4E091D5D3A31}.Debug|Any CPU.ActiveCfg = Debug|Any CPU
		{8ECC7AC4-8602-4C18-8001-4E091D5D3A31}.Debug|Any CPU.Build.0 = Debug|Any CPU
		{8ECC7AC4-8602-4C18-8001-4E091D5D3A31}.Release|Any CPU.ActiveCfg = Release|Any CPU
		{8ECC7AC4-8602-4C18-8001-4E091D5D3A31}.Release|Any CPU.Build.0 = Release|Any CPU
	EndGlobalSection
	GlobalSection(NestedProjects) = preSolution
		{517D589C-7476-440A-95AE-1B039384579C} = {FF385DE0-5E9F-4BA8-8302-FD8056C7E982}
		{AB0CB6C0-A6D2-46A1-BB58-8C6D20AA48D7} = {FF385DE0-5E9F-4BA8-8302-FD8056C7E982}
		{F5965D0C-111D-4CED-B9AD-FBD9CA38E959} = {AB0CB6C0-A6D2-46A1-BB58-8C6D20AA48D7}
		{81EF37F0-D567-4FFE-ACD1-302D39459451} = {F5965D0C-111D-4CED-B9AD-FBD9CA38E959}
		{C1D56669-DE3C-48A1-A2CE-B9FBBDC9EB82} = {AB0CB6C0-A6D2-46A1-BB58-8C6D20AA48D7}
		{8ECC7AC4-8602-4C18-8001-4E091D5D3A31} = {C1D56669-DE3C-48A1-A2CE-B9FBBDC9EB82}
	EndGlobalSection
EndGlobal
